
Microsoft Visual Studio Solution File, Format Version 12.00
# Visual Studio Version 17
VisualStudioVersion = 17.3.32811.315
MinimumVisualStudioVersion = 10.0.40219.1
Project("{9A19103F-16F7-4668-BE54-9A1E7A4F7556}") = "Fact", "Fact.csproj", "{CA2078A2-7F5C-4764-A436-24D14132915D}"
EndProject
Project("{9A19103F-16F7-4668-BE54-9A1E7A4F7556}") = "TestFact", "TestFact\TestFact.csproj", "{B09E2810-D931-4A88-9C82-F7A40B8D9249}"
EndProject
Global
	GlobalSection(SolutionConfigurationPlatforms) = preSolution
		Debug|Any CPU = Debug|Any CPU
		Release|Any CPU = Release|Any CPU
	EndGlobalSection
	GlobalSection(ProjectConfigurationPlatforms) = postSolution
		{CA2078A2-7F5C-4764-A436-24D14132915D}.Debug|Any CPU.ActiveCfg = Debug|Any CPU
		{CA2078A2-7F5C-4764-A436-24D14132915D}.Debug|Any CPU.Build.0 = Debug|Any CPU
		{CA2078A2-7F5C-4764-A436-24D14132915D}.Release|Any CPU.ActiveCfg = Release|Any CPU
		{CA2078A2-7F5C-4764-A436-24D14132915D}.Release|Any CPU.Build.0 = Release|Any CPU
		{B09E2810-D931-4A88-9C82-F7A40B8D9249}.Debug|Any CPU.ActiveCfg = Debug|Any CPU
		{B09E2810-D931-4A88-9C82-F7A40B8D9249}.Debug|Any CPU.Build.0 = Debug|Any CPU
		{B09E2810-D931-4A88-9C82-F7A40B8D9249}.Release|Any CPU.ActiveCfg = Release|Any CPU
		{B09E2810-D931-4A88-9C82-F7A40B8D9249}.Release|Any CPU.Build.0 = Release|Any CPU
	EndGlobalSection
	GlobalSection(SolutionProperties) = preSolution
		HideSolutionNode = FALSE
	EndGlobalSection
	GlobalSection(ExtensibilityGlobals) = postSolution
		SolutionGuid = {2E565D33-2F3F-4ED4-B72F-DA3103F30C7E}
	EndGlobalSection
EndGlobal
